
Microsoft Visual Studio Solution File, Format Version 12.00
# Visual Studio Version 16
VisualStudioVersion = 16.0.31624.102
MinimumVisualStudioVersion = 10.0.40219.1
Project("{9A19103F-16F7-4668-BE54-9A1E7A4F7556}") = "MVCProjeCore", "MVCProjeCore\MVCProjeCore.csproj", "{BCA6A7E2-6DB9-46B7-BA23-438A4BCF5DFC}"
EndProject
Project("{FAE04EC0-301F-11D3-BF4B-00C04F79EFBC}") = "EntityLayer", "EntityLayer\EntityLayer.csproj", "{E083F565-D4B8-4095-930B-17564703E841}"
EndProject
Project("{FAE04EC0-301F-11D3-BF4B-00C04F79EFBC}") = "DataAccessLayer", "DataAccessLayer\DataAccessLayer.csproj", "{BA5CFFAE-AF0B-4A17-9355-FD570A2188A3}"
EndProject
Project("{FAE04EC0-301F-11D3-BF4B-00C04F79EFBC}") = "BusinessLayer", "BusinessLayer\BusinessLayer.csproj", "{28CDE94F-46CA-41B8-99C0-499CD85C7E36}"
EndProject
Project("{FAE04EC0-301F-11D3-BF4B-00C04F79EFBC}") = "CoreLayer", "CoreLayer\CoreLayer.csproj", "{6CDB38A8-2FE3-4496-A732-ED30978D6E18}"
EndProject
Global
	GlobalSection(SolutionConfigurationPlatforms) = preSolution
		Debug|Any CPU = Debug|Any CPU
		Release|Any CPU = Release|Any CPU
	EndGlobalSection
	GlobalSection(ProjectConfigurationPlatforms) = postSolution
		{BCA6A7E2-6DB9-46B7-BA23-438A4BCF5DFC}.Debug|Any CPU.ActiveCfg = Debug|Any CPU
		{BCA6A7E2-6DB9-46B7-BA23-438A4BCF5DFC}.Debug|Any CPU.Build.0 = Debug|Any CPU
		{BCA6A7E2-6DB9-46B7-BA23-438A4BCF5DFC}.Release|Any CPU.ActiveCfg = Release|Any CPU
		{BCA6A7E2-6DB9-46B7-BA23-438A4BCF5DFC}.Release|Any CPU.Build.0 = Release|Any CPU
		{E083F565-D4B8-4095-930B-17564703E841}.Debug|Any CPU.ActiveCfg = Debug|Any CPU
		{E083F565-D4B8-4095-930B-17564703E841}.Debug|Any CPU.Build.0 = Debug|Any CPU
		{E083F565-D4B8-4095-930B-17564703E841}.Release|Any CPU.ActiveCfg = Release|Any CPU
		{E083F565-D4B8-4095-930B-17564703E841}.Release|Any CPU.Build.0 = Release|Any CPU
		{BA5CFFAE-AF0B-4A17-9355-FD570A2188A3}.Debug|Any CPU.ActiveCfg = Debug|Any CPU
		{BA5CFFAE-AF0B-4A17-9355-FD570A2188A3}.Debug|Any CPU.Build.0 = Debug|Any CPU
		{BA5CFFAE-AF0B-4A17-9355-FD570A2188A3}.Release|Any CPU.ActiveCfg = Release|Any CPU
		{BA5CFFAE-AF0B-4A17-9355-FD570A2188A3}.Release|Any CPU.Build.0 = Release|Any CPU
		{28CDE94F-46CA-41B8-99C0-499CD85C7E36}.Debug|Any CPU.ActiveCfg = Debug|Any CPU
		{28CDE94F-46CA-41B8-99C0-499CD85C7E36}.Debug|Any CPU.Build.0 = Debug|Any CPU
		{28CDE94F-46CA-41B8-99C0-499CD85C7E36}.Release|Any CPU.ActiveCfg = Release|Any CPU
		{28CDE94F-46CA-41B8-99C0-499CD85C7E36}.Release|Any CPU.Build.0 = Release|Any CPU
		{6CDB38A8-2FE3-4496-A732-ED30978D6E18}.Debug|Any CPU.ActiveCfg = Debug|Any CPU
		{6CDB38A8-2FE3-4496-A732-ED30978D6E18}.Debug|Any CPU.Build.0 = Debug|Any CPU
		{6CDB38A8-2FE3-4496-A732-ED30978D6E18}.Release|Any CPU.ActiveCfg = Release|Any CPU
		{6CDB38A8-2FE3-4496-A732-ED30978D6E18}.Release|Any CPU.Build.0 = Release|Any CPU
	EndGlobalSection
	GlobalSection(SolutionProperties) = preSolution
		HideSolutionNode = FALSE
	EndGlobalSection
	GlobalSection(ExtensibilityGlobals) = postSolution
		SolutionGuid = {B2B207AC-AC4E-41DA-A671-CFA6545BA585}
	EndGlobalSection
EndGlobal
